
Microsoft Visual Studio Solution File, Format Version 12.00
# Visual Studio Version 16
VisualStudioVersion = 16.0.808.1
MinimumVisualStudioVersion = 10.0.40219.1
Project("{FAE04EC0-301F-11D3-BF4B-00C04F79EFBC}") = "Api", "Api.csproj", "{500DD4EC-EC82-4721-B665-DEDD7A77C669}"
EndProject
Global
	GlobalSection(SolutionConfigurationPlatforms) = preSolution
		Debug|Any CPU = Debug|Any CPU
		Release|Any CPU = Release|Any CPU
	EndGlobalSection
	GlobalSection(ProjectConfigurationPlatforms) = postSolution
		{500DD4EC-EC82-4721-B665-DEDD7A77C669}.Debug|Any CPU.ActiveCfg = Debug|Any CPU
		{500DD4EC-EC82-4721-B665-DEDD7A77C669}.Debug|Any CPU.Build.0 = Debug|Any CPU
		{500DD4EC-EC82-4721-B665-DEDD7A77C669}.Release|Any CPU.ActiveCfg = Release|Any CPU
		{500DD4EC-EC82-4721-B665-DEDD7A77C669}.Release|Any CPU.Build.0 = Release|Any CPU
	EndGlobalSection
	GlobalSection(SolutionProperties) = preSolution
		HideSolutionNode = FALSE
	EndGlobalSection
	GlobalSection(ExtensibilityGlobals) = postSolution
		SolutionGuid = {A930340D-6073-49C1-A1EC-2F6DD6E7F3A8}
	EndGlobalSection
EndGlobal
